
Microsoft Visual Studio Solution File, Format Version 12.00
# Visual Studio 14
VisualStudioVersion = 14.0.24720.0
MinimumVisualStudioVersion = 10.0.40219.1
Project("{8BC9CEB8-8B4A-11D0-8D11-00A0C91BC942}") = "Proxy", "Proxy\Proxy.vcxproj", "{272CE0B2-BFE2-40EC-A0D0-BA6718522572}"
	ProjectSection(ProjectDependencies) = postProject
		{A9505C3C-5EB9-4989-8028-122E8A5F4B46} = {A9505C3C-5EB9-4989-8028-122E8A5F4B46}
		{DDABCB76-8AAF-454C-86D5-0E13EEA93667} = {DDABCB76-8AAF-454C-86D5-0E13EEA93667}
		{1405EE7F-BDA9-4692-B689-200CA8DC1FBF} = {1405EE7F-BDA9-4692-B689-200CA8DC1FBF}
	EndProjectSection
EndProject
Project("{8BC9CEB8-8B4A-11D0-8D11-00A0C91BC942}") = "DebuggerCore", "DebuggerCore\DebuggerCore.vcxproj", "{A9505C3C-5EB9-4989-8028-122E8A5F4B46}"
	ProjectSection(ProjectDependencies) = postProject
		{1405EE7F-BDA9-4692-B689-200CA8DC1FBF} = {1405EE7F-BDA9-4692-B689-200CA8DC1FBF}
	EndProjectSection
EndProject
Project("{8BC9CEB8-8B4A-11D0-8D11-00A0C91BC942}") = "Common", "Common\Common.vcxproj", "{DDABCB76-8AAF-454C-86D5-0E13EEA93667}"
EndProject
Project("{8BC9CEB8-8B4A-11D0-8D11-00A0C91BC942}") = "IEDiagnosticsAdapter", "IEDiagnosticsAdapter\IEDiagnosticsAdapter.vcxproj", "{CAA616E3-F475-4AFC-BCBD-099E7882C616}"
	ProjectSection(ProjectDependencies) = postProject
		{A9505C3C-5EB9-4989-8028-122E8A5F4B46} = {A9505C3C-5EB9-4989-8028-122E8A5F4B46}
		{DDABCB76-8AAF-454C-86D5-0E13EEA93667} = {DDABCB76-8AAF-454C-86D5-0E13EEA93667}
		{1405EE7F-BDA9-4692-B689-200CA8DC1FBF} = {1405EE7F-BDA9-4692-B689-200CA8DC1FBF}
		{272CE0B2-BFE2-40EC-A0D0-BA6718522572} = {272CE0B2-BFE2-40EC-A0D0-BA6718522572}
	EndProjectSection
EndProject
Project("{FAE04EC0-301F-11D3-BF4B-00C04F79EFBC}") = "IEWebkitImpl", "IEWebkitImpl\IEWebkitImpl.csproj", "{1405EE7F-BDA9-4692-B689-200CA8DC1FBF}"
EndProject
Global
	GlobalSection(SolutionConfigurationPlatforms) = preSolution
		Debug|x64 = Debug|x64
		Debug|x86 = Debug|x86
		Release|x64 = Release|x64
		Release|x86 = Release|x86
	EndGlobalSection
	GlobalSection(ProjectConfigurationPlatforms) = postSolution
		{272CE0B2-BFE2-40EC-A0D0-BA6718522572}.Debug|x64.ActiveCfg = Debug|x64
		{272CE0B2-BFE2-40EC-A0D0-BA6718522572}.Debug|x64.Build.0 = Debug|x64
		{272CE0B2-BFE2-40EC-A0D0-BA6718522572}.Debug|x86.ActiveCfg = Debug|Win32
		{272CE0B2-BFE2-40EC-A0D0-BA6718522572}.Debug|x86.Build.0 = Debug|Win32
		{272CE0B2-BFE2-40EC-A0D0-BA6718522572}.Release|x64.ActiveCfg = Release|x64
		{272CE0B2-BFE2-40EC-A0D0-BA6718522572}.Release|x64.Build.0 = Release|x64
		{272CE0B2-BFE2-40EC-A0D0-BA6718522572}.Release|x86.ActiveCfg = Release|Win32
		{272CE0B2-BFE2-40EC-A0D0-BA6718522572}.Release|x86.Build.0 = Release|Win32
		{A9505C3C-5EB9-4989-8028-122E8A5F4B46}.Debug|x64.ActiveCfg = Debug|x64
		{A9505C3C-5EB9-4989-8028-122E8A5F4B46}.Debug|x64.Build.0 = Debug|x64
		{A9505C3C-5EB9-4989-8028-122E8A5F4B46}.Debug|x86.ActiveCfg = Debug|Win32
		{A9505C3C-5EB9-4989-8028-122E8A5F4B46}.Debug|x86.Build.0 = Debug|Win32
		{A9505C3C-5EB9-4989-8028-122E8A5F4B46}.Release|x64.ActiveCfg = Release|x64
		{A9505C3C-5EB9-4989-8028-122E8A5F4B46}.Release|x64.Build.0 = Release|x64
		{A9505C3C-5EB9-4989-8028-122E8A5F4B46}.Release|x86.ActiveCfg = Release|Win32
		{A9505C3C-5EB9-4989-8028-122E8A5F4B46}.Release|x86.Build.0 = Release|Win32
		{DDABCB76-8AAF-454C-86D5-0E13EEA93667}.Debug|x64.ActiveCfg = Debug|x64
		{DDABCB76-8AAF-454C-86D5-0E13EEA93667}.Debug|x64.Build.0 = Debug|x64
		{DDABCB76-8AAF-454C-86D5-0E13EEA93667}.Debug|x86.ActiveCfg = Debug|Win32
		{DDABCB76-8AAF-454C-86D5-0E13EEA93667}.Debug|x86.Build.0 = Debug|Win32
		{DDABCB76-8AAF-454C-86D5-0E13EEA93667}.Release|x64.ActiveCfg = Release|x64
		{DDABCB76-8AAF-454C-86D5-0E13EEA93667}.Release|x64.Build.0 = Release|x64
		{DDABCB76-8AAF-454C-86D5-0E13EEA93667}.Release|x86.ActiveCfg = Release|Win32
		{DDABCB76-8AAF-454C-86D5-0E13EEA93667}.Release|x86.Build.0 = Release|Win32
		{CAA616E3-F475-4AFC-BCBD-099E7882C616}.Debug|x64.ActiveCfg = Debug|x64
		{CAA616E3-F475-4AFC-BCBD-099E7882C616}.Debug|x64.Build.0 = Debug|x64
		{CAA616E3-F475-4AFC-BCBD-099E7882C616}.Debug|x86.ActiveCfg = Debug|Win32
		{CAA616E3-F475-4AFC-BCBD-099E7882C616}.Debug|x86.Build.0 = Debug|Win32
		{CAA616E3-F475-4AFC-BCBD-099E7882C616}.Release|x64.ActiveCfg = Release|x64
		{CAA616E3-F475-4AFC-BCBD-099E7882C616}.Release|x86.ActiveCfg = Release|Win32
		{CAA616E3-F475-4AFC-BCBD-099E7882C616}.Release|x86.Build.0 = Release|Win32
		{1405EE7F-BDA9-4692-B689-200CA8DC1FBF}.Debug|x64.ActiveCfg = Debug|Any CPU
		{1405EE7F-BDA9-4692-B689-200CA8DC1FBF}.Debug|x64.Build.0 = Debug|Any CPU
		{1405EE7F-BDA9-4692-B689-200CA8DC1FBF}.Debug|x86.ActiveCfg = Debug|Any CPU
		{1405EE7F-BDA9-4692-B689-200CA8DC1FBF}.Debug|x86.Build.0 = Debug|Any CPU
		{1405EE7F-BDA9-4692-B689-200CA8DC1FBF}.Release|x64.ActiveCfg = Release|Any CPU
		{1405EE7F-BDA9-4692-B689-200CA8DC1FBF}.Release|x64.Build.0 = Release|Any CPU
		{1405EE7F-BDA9-4692-B689-200CA8DC1FBF}.Release|x86.ActiveCfg = Release|Any CPU
		{1405EE7F-BDA9-4692-B689-200CA8DC1FBF}.Release|x86.Build.0 = Release|Any CPU
	EndGlobalSection
	GlobalSection(SolutionProperties) = preSolution
		HideSolutionNode = FALSE
	EndGlobalSection
EndGlobal
