<?xml version="1.0" encoding="utf-8"?>
<Project ToolsVersion="4.0" xmlns="http://schemas.microsoft.com/developer/msbuild/2003">
  <ItemGroup>
    <Filter Include="Source Files">
      <UniqueIdentifier>{4FC737F1-C7A5-4376-A066-2A32D752A2FF}</UniqueIdentifier>
      <Extensions>cpp;c;cc;cxx;def;odl;idl;hpj;bat;asm;asmx</Extensions>
    </Filter>
    <Filter Include="Header Files">
      <UniqueIdentifier>{93995380-89BD-4b04-88EB-625FBE52EBFB}</UniqueIdentifier>
      <Extensions>h;hh;hpp;hxx;hm;inl;inc;xsd</Extensions>
    </Filter>
    <Filter Include="Resource Files">
      <UniqueIdentifier>{67DA6AB6-F800-4c08-8B7A-83BB121AAD01}</UniqueIdentifier>
      <Extensions>rc;ico;cur;bmp;dlg;rc2;rct;bin;rgs;gif;jpg;jpeg;jpe;resx;tiff;tif;png;wav;mfcribbon-ms</Extensions>
    </Filter>
  </ItemGroup>
  <ItemGroup>
    <ClInclude Include="stdafx.h">
      <Filter>Header Files</Filter>
    </ClInclude>
    <ClInclude Include="CallFrame.h">
      <Filter>Header Files</Filter>
    </ClInclude>
    <ClInclude Include="DebuggerDispatch.h">
      <Filter>Header Files</Filter>
    </ClInclude>
    <ClInclude Include="DebuggerStructs.h">
      <Filter>Header Files</Filter>
    </ClInclude>
    <ClInclude Include="EvalCallback.h">
      <Filter>Header Files</Filter>
    </ClInclude>
    <ClInclude Include="PDMEventMessageQueue.h">
      <Filter>Header Files</Filter>
    </ClInclude>
    <ClInclude Include="PDMThreadCallback.h">
      <Filter>Header Files</Filter>
    </ClInclude>
    <ClInclude Include="SourceController.h">
      <Filter>Header Files</Filter>
    </ClInclude>
    <ClInclude Include="SourceEventListener.h">
      <Filter>Header Files</Filter>
    </ClInclude>
    <ClInclude Include="SourceNode.h">
      <Filter>Header Files</Filter>
    </ClInclude>
    <ClInclude Include="ThreadController.h">
      <Filter>Header Files</Filter>
    </ClInclude>
    <ClInclude Include="ThreadEventListener.h">
      <Filter>Header Files</Filter>
    </ClInclude>
    <ClInclude Include="ThreadHelpers.h">
      <Filter>Header Files</Filter>
    </ClInclude>
    <ClInclude Include="ComObjPtr.h">
      <Filter>Header Files</Filter>
    </ClInclude>
    <ClInclude Include="Helpers.h">
      <Filter>Header Files</Filter>
    </ClInclude>
    <ClInclude Include="DebugThreadWindowMessages.h">
      <Filter>Header Files</Filter>
    </ClInclude>
    <ClInclude Include="EventHelper.h">
      <Filter>Header Files</Filter>
    </ClInclude>
    <ClInclude Include="ad1ex.h">
      <Filter>Header Files</Filter>
    </ClInclude>
    <ClInclude Include="ComTypeInfoHolderLib.h">
      <Filter>Header Files</Filter>
    </ClInclude>
    <ClInclude Include="ScriptHelpers.h">
      <Filter>Header Files</Filter>
    </ClInclude>
  </ItemGroup>
  <ItemGroup>
    <ClCompile Include="stdafx.cpp">
      <Filter>Source Files</Filter>
    </ClCompile>
    <ClCompile Include="CallFrame.cpp">
      <Filter>Source Files</Filter>
    </ClCompile>
    <ClCompile Include="DebuggerDispatch.cpp">
      <Filter>Source Files</Filter>
    </ClCompile>
    <ClCompile Include="PDMEventMessageQueue.cpp">
      <Filter>Source Files</Filter>
    </ClCompile>
    <ClCompile Include="SourceController.cpp">
      <Filter>Source Files</Filter>
    </ClCompile>
    <ClCompile Include="SourceEventListener.cpp">
      <Filter>Source Files</Filter>
    </ClCompile>
    <ClCompile Include="SourceNode.cpp">
      <Filter>Source Files</Filter>
    </ClCompile>
    <ClCompile Include="ThreadController.cpp">
      <Filter>Source Files</Filter>
    </ClCompile>
    <ClCompile Include="ThreadEventListener.cpp">
      <Filter>Source Files</Filter>
    </ClCompile>
    <ClCompile Include="Helpers.cpp">
      <Filter>Source Files</Filter>
    </ClCompile>
    <ClCompile Include="EventHelper.cpp">
      <Filter>Source Files</Filter>
    </ClCompile>
    <ClCompile Include="ScriptHelpers.cpp">
      <Filter>Source Files</Filter>
    </ClCompile>
  </ItemGroup>
  <ItemGroup>
    <Midl Include="DebuggerCore.idl">
      <Filter>Source Files</Filter>
    </Midl>
  </ItemGroup>
</Project>